
Microsoft Visual Studio Solution File, Format Version 12.00
# Visual Studio Version 17
VisualStudioVersion = 17.9.34723.18
MinimumVisualStudioVersion = 10.0.40219.1
Project("{FAE04EC0-301F-11D3-BF4B-00C04F79EFBC}") = "ToratEmetInWordInstaller", "ToratEmetInWordInstaller\ToratEmetInWordInstaller.csproj", "{F849A0B5-3DF8-45FD-9686-9B588D208D3A}"
EndProject
Global
	GlobalSection(SolutionConfigurationPlatforms) = preSolution
		Debug|Any CPU = Debug|Any CPU
		Release|Any CPU = Release|Any CPU
	EndGlobalSection
	GlobalSection(ProjectConfigurationPlatforms) = postSolution
		{F849A0B5-3DF8-45FD-9686-9B588D208D3A}.Debug|Any CPU.ActiveCfg = Release|Any CPU
		{F849A0B5-3DF8-45FD-9686-9B588D208D3A}.Debug|Any CPU.Build.0 = Release|Any CPU
		{F849A0B5-3DF8-45FD-9686-9B588D208D3A}.Release|Any CPU.ActiveCfg = Release|Any CPU
		{F849A0B5-3DF8-45FD-9686-9B588D208D3A}.Release|Any CPU.Build.0 = Release|Any CPU
	EndGlobalSection
	GlobalSection(SolutionProperties) = preSolution
		HideSolutionNode = FALSE
	EndGlobalSection
	GlobalSection(ExtensibilityGlobals) = postSolution
		SolutionGuid = {816829F2-1016-4F4D-8ACA-7F862A8B829E}
	EndGlobalSection
EndGlobal
